
Microsoft Visual Studio Solution File, Format Version 12.00
# Visual Studio Version 17
VisualStudioVersion = 17.2.32505.173
MinimumVisualStudioVersion = 10.0.40219.1
Project("{8BC9CEB8-8B4A-11D0-8D11-00A0C91BC942}") = "OpenGl", "OpenGl.vcxproj", "{6A95B331-77E6-4CCF-9FAF-312FD98BFEA8}"
EndProject
Project("{8BC9CEB8-8B4A-11D0-8D11-00A0C91BC942}") = "Treades", "..\Treades\Treades.vcxproj", "{1464B7CA-2BED-40A6-807D-AA63D02ED2BF}"
EndProject
Project("{8BC9CEB8-8B4A-11D0-8D11-00A0C91BC942}") = "WinAPI", "..\WinAPI\WinAPI.vcxproj", "{733950AF-3309-459D-8108-17E1A8826078}"
EndProject
Project("{8BC9CEB8-8B4A-11D0-8D11-00A0C91BC942}") = "Queue", "..\Queue\Queue.vcxproj", "{64CFE41B-B242-4F67-952C-CAFF29421AD3}"
EndProject
Project("{8BC9CEB8-8B4A-11D0-8D11-00A0C91BC942}") = "ThreadePool", "..\ThreadePool\ThreadePool.vcxproj", "{3AC56A1C-345B-48A0-B559-FA75C5960D7E}"
EndProject
Global
	GlobalSection(SolutionConfigurationPlatforms) = preSolution
		Debug|x64 = Debug|x64
		Debug|x86 = Debug|x86
		Release|x64 = Release|x64
		Release|x86 = Release|x86
	EndGlobalSection
	GlobalSection(ProjectConfigurationPlatforms) = postSolution
		{6A95B331-77E6-4CCF-9FAF-312FD98BFEA8}.Debug|x64.ActiveCfg = Debug|x64
		{6A95B331-77E6-4CCF-9FAF-312FD98BFEA8}.Debug|x64.Build.0 = Debug|x64
		{6A95B331-77E6-4CCF-9FAF-312FD98BFEA8}.Debug|x86.ActiveCfg = Debug|Win32
		{6A95B331-77E6-4CCF-9FAF-312FD98BFEA8}.Debug|x86.Build.0 = Debug|Win32
		{6A95B331-77E6-4CCF-9FAF-312FD98BFEA8}.Release|x64.ActiveCfg = Release|x64
		{6A95B331-77E6-4CCF-9FAF-312FD98BFEA8}.Release|x64.Build.0 = Release|x64
		{6A95B331-77E6-4CCF-9FAF-312FD98BFEA8}.Release|x86.ActiveCfg = Release|Win32
		{6A95B331-77E6-4CCF-9FAF-312FD98BFEA8}.Release|x86.Build.0 = Release|Win32
		{1464B7CA-2BED-40A6-807D-AA63D02ED2BF}.Debug|x64.ActiveCfg = Debug|x64
		{1464B7CA-2BED-40A6-807D-AA63D02ED2BF}.Debug|x64.Build.0 = Debug|x64
		{1464B7CA-2BED-40A6-807D-AA63D02ED2BF}.Debug|x86.ActiveCfg = Debug|Win32
		{1464B7CA-2BED-40A6-807D-AA63D02ED2BF}.Debug|x86.Build.0 = Debug|Win32
		{1464B7CA-2BED-40A6-807D-AA63D02ED2BF}.Release|x64.ActiveCfg = Release|x64
		{1464B7CA-2BED-40A6-807D-AA63D02ED2BF}.Release|x64.Build.0 = Release|x64
		{1464B7CA-2BED-40A6-807D-AA63D02ED2BF}.Release|x86.ActiveCfg = Release|Win32
		{1464B7CA-2BED-40A6-807D-AA63D02ED2BF}.Release|x86.Build.0 = Release|Win32
		{733950AF-3309-459D-8108-17E1A8826078}.Debug|x64.ActiveCfg = Debug|x64
		{733950AF-3309-459D-8108-17E1A8826078}.Debug|x64.Build.0 = Debug|x64
		{733950AF-3309-459D-8108-17E1A8826078}.Debug|x86.ActiveCfg = Debug|Win32
		{733950AF-3309-459D-8108-17E1A8826078}.Debug|x86.Build.0 = Debug|Win32
		{733950AF-3309-459D-8108-17E1A8826078}.Release|x64.ActiveCfg = Release|x64
		{733950AF-3309-459D-8108-17E1A8826078}.Release|x64.Build.0 = Release|x64
		{733950AF-3309-459D-8108-17E1A8826078}.Release|x86.ActiveCfg = Release|Win32
		{733950AF-3309-459D-8108-17E1A8826078}.Release|x86.Build.0 = Release|Win32
		{64CFE41B-B242-4F67-952C-CAFF29421AD3}.Debug|x64.ActiveCfg = Debug|x64
		{64CFE41B-B242-4F67-952C-CAFF29421AD3}.Debug|x64.Build.0 = Debug|x64
		{64CFE41B-B242-4F67-952C-CAFF29421AD3}.Debug|x86.ActiveCfg = Debug|Win32
		{64CFE41B-B242-4F67-952C-CAFF29421AD3}.Debug|x86.Build.0 = Debug|Win32
		{64CFE41B-B242-4F67-952C-CAFF29421AD3}.Release|x64.ActiveCfg = Release|x64
		{64CFE41B-B242-4F67-952C-CAFF29421AD3}.Release|x64.Build.0 = Release|x64
		{64CFE41B-B242-4F67-952C-CAFF29421AD3}.Release|x86.ActiveCfg = Release|Win32
		{64CFE41B-B242-4F67-952C-CAFF29421AD3}.Release|x86.Build.0 = Release|Win32
		{3AC56A1C-345B-48A0-B559-FA75C5960D7E}.Debug|x64.ActiveCfg = Debug|x64
		{3AC56A1C-345B-48A0-B559-FA75C5960D7E}.Debug|x64.Build.0 = Debug|x64
		{3AC56A1C-345B-48A0-B559-FA75C5960D7E}.Debug|x86.ActiveCfg = Debug|Win32
		{3AC56A1C-345B-48A0-B559-FA75C5960D7E}.Debug|x86.Build.0 = Debug|Win32
		{3AC56A1C-345B-48A0-B559-FA75C5960D7E}.Release|x64.ActiveCfg = Release|x64
		{3AC56A1C-345B-48A0-B559-FA75C5960D7E}.Release|x64.Build.0 = Release|x64
		{3AC56A1C-345B-48A0-B559-FA75C5960D7E}.Release|x86.ActiveCfg = Release|Win32
		{3AC56A1C-345B-48A0-B559-FA75C5960D7E}.Release|x86.Build.0 = Release|Win32
	EndGlobalSection
	GlobalSection(SolutionProperties) = preSolution
		HideSolutionNode = FALSE
	EndGlobalSection
	GlobalSection(ExtensibilityGlobals) = postSolution
		SolutionGuid = {E14C5F7C-E14A-4D4E-A1B3-704451553515}
	EndGlobalSection
EndGlobal
